
Microsoft Visual Studio Solution File, Format Version 12.00
# Visual Studio Version 17
VisualStudioVersion = 17.3.32819.101
MinimumVisualStudioVersion = 10.0.40219.1
Project("{FAE04EC0-301F-11D3-BF4B-00C04F79EFBC}") = "PublisherConsole", "PublisherConsole\PublisherConsole.csproj", "{1B8F1C9E-6953-44A1-94D2-5E55B0EF9941}"
EndProject
Project("{FAE04EC0-301F-11D3-BF4B-00C04F79EFBC}") = "PublisherDomain", "PublisherDomain\PublisherDomain.csproj", "{453E8D29-6A40-4A29-BC53-5DC6CD59E1E5}"
EndProject
Global
	GlobalSection(SolutionConfigurationPlatforms) = preSolution
		Debug|Any CPU = Debug|Any CPU
		Release|Any CPU = Release|Any CPU
	EndGlobalSection
	GlobalSection(ProjectConfigurationPlatforms) = postSolution
		{1B8F1C9E-6953-44A1-94D2-5E55B0EF9941}.Debug|Any CPU.ActiveCfg = Debug|Any CPU
		{1B8F1C9E-6953-44A1-94D2-5E55B0EF9941}.Debug|Any CPU.Build.0 = Debug|Any CPU
		{1B8F1C9E-6953-44A1-94D2-5E55B0EF9941}.Release|Any CPU.ActiveCfg = Release|Any CPU
		{1B8F1C9E-6953-44A1-94D2-5E55B0EF9941}.Release|Any CPU.Build.0 = Release|Any CPU
		{453E8D29-6A40-4A29-BC53-5DC6CD59E1E5}.Debug|Any CPU.ActiveCfg = Debug|Any CPU
		{453E8D29-6A40-4A29-BC53-5DC6CD59E1E5}.Debug|Any CPU.Build.0 = Debug|Any CPU
		{453E8D29-6A40-4A29-BC53-5DC6CD59E1E5}.Release|Any CPU.ActiveCfg = Release|Any CPU
		{453E8D29-6A40-4A29-BC53-5DC6CD59E1E5}.Release|Any CPU.Build.0 = Release|Any CPU
	EndGlobalSection
	GlobalSection(SolutionProperties) = preSolution
		HideSolutionNode = FALSE
	EndGlobalSection
	GlobalSection(ExtensibilityGlobals) = postSolution
		SolutionGuid = {227F74BB-8C27-4639-9BBD-AE46979C5BF1}
	EndGlobalSection
EndGlobal
